{
  "version": 4,
  "terraform_version": "1.11.4",
  "serial": 1471,
  "lineage": "ac812d2e-e9d5-5a32-c8f4-6afbc0110fcc",
  "outputs": {
    "api_gateway_url": {
      "value": "https://y34jc1f2f4.execute-api.us-east-1.amazonaws.com",
      "type": "string"
    },
    "artifact_bucket_name": {
      "value": "mlops-demo-lambda-bucket",
      "type": "string"
    },
    "aws_region": {
      "value": "us-east-1",
      "type": "string"
    },
    "ecr_repository_name": {
      "value": "mlops-demo-ecr",
      "type": "string"
    },
    "ecr_repository_url": {
      "value": "988182270763.dkr.ecr.us-east-1.amazonaws.com/mlops-demo-ecr",
      "type": "string"
    },
    "private_subnet_ids": {
      "value": [
        "subnet-0f8ebae5db3c66cda",
        "subnet-0f59a420c97b3ae11"
      ],
      "type": [
        "tuple",
        [
          "string",
          "string"
        ]
      ]
    },
    "sagemaker_endpoint_name": {
      "value": "mlops-demo-endpoint",
      "type": "string"
    },
    "security_group_id": {
      "value": "sg-091dc5cbd055acec4",
      "type": "string"
    },
    "vpc_id": {
      "value": "vpc-05b8a312cdfe988fd",
      "type": "string"
    }
  },
  "resources": [
    {
      "module": "module.apigateway",
      "mode": "data",
      "type": "aws_region",
      "name": "current",
      "provider": "provider[\"registry.terraform.io/hashicorp/aws\"]",
      "instances": [
        {
          "schema_version": 0,
          "attributes": {
            "description": "US East (N. Virginia)",
            "endpoint": "ec2.us-east-1.amazonaws.com",
            "id": "us-east-1",
            "name": "us-east-1"
          },
          "sensitive_attributes": []
        }
      ]
    },
    {
      "module": "module.apigateway",
      "mode": "managed",
      "type": "aws_apigatewayv2_api",
      "name": "api",
      "provider": "provider[\"registry.terraform.io/hashicorp/aws\"]",
      "instances": [
        {
          "schema_version": 0,
          "attributes": {
            "api_endpoint": "https://y34jc1f2f4.execute-api.us-east-1.amazonaws.com",
            "api_key_selection_expression": "$request.header.x-api-key",
            "arn": "arn:aws:apigateway:us-east-1::/apis/y34jc1f2f4",
            "body": null,
            "cors_configuration": [],
            "credentials_arn": null,
            "description": "",
            "disable_execute_api_endpoint": false,
            "execution_arn": "arn:aws:execute-api:us-east-1:988182270763:y34jc1f2f4",
            "fail_on_warnings": null,
            "id": "y34jc1f2f4",
            "name": "mlops-demo-api",
            "protocol_type": "HTTP",
            "route_key": null,
            "route_selection_expression": "$request.method $request.path",
            "tags": {
              "Name": "mlops-demo-api"
            },
            "tags_all": {
              "Name": "mlops-demo-api"
            },
            "target": null,
            "version": ""
          },
          "sensitive_attributes": [],
          "private": "bnVsbA=="
        }
      ]
    },
    {
      "module": "module.apigateway",
      "mode": "managed",
      "type": "aws_apigatewayv2_integration",
      "name": "lambda",
      "provider": "provider[\"registry.terraform.io/hashicorp/aws\"]",
      "instances": [
        {
          "schema_version": 0,
          "attributes": {
            "api_id": "y34jc1f2f4",
            "connection_id": "",
            "connection_type": "INTERNET",
            "content_handling_strategy": "",
            "credentials_arn": "",
            "description": "",
            "id": "61gyng8",
            "integration_method": "POST",
            "integration_response_selection_expression": "",
            "integration_subtype": "",
            "integration_type": "AWS_PROXY",
            "integration_uri": "arn:aws:apigateway:us-east-1:lambda:path/2015-03-31/functions/arn:aws:lambda:us-east-1:988182270763:function:mlops-demo-lambda/invocations",
            "passthrough_behavior": "",
            "payload_format_version": "2.0",
            "request_parameters": {},
            "request_templates": {},
            "response_parameters": [],
            "template_selection_expression": "",
            "timeout_milliseconds": 30000,
            "tls_config": []
          },
          "sensitive_attributes": [],
          "private": "bnVsbA==",
          "dependencies": [
            "module.apigateway.aws_apigatewayv2_api.api",
            "module.apigateway.data.aws_region.current",
            "module.ecr.aws_ecr_repository.this",
            "module.iam.aws_iam_role.lambda",
            "module.lambda.aws_lambda_function.this",
            "module.network.aws_security_group.default",
            "module.network.aws_subnet.private",
            "module.network.aws_vpc.this",
            "module.network.data.aws_availability_zones.available"
          ]
        }
      ]
    },
    {
      "module": "module.apigateway",
      "mode": "managed",
      "type": "aws_apigatewayv2_route",
      "name": "proxy",
      "provider": "provider[\"registry.terraform.io/hashicorp/aws\"]",
      "instances": [
        {
          "schema_version": 0,
          "attributes": {
            "api_id": "y34jc1f2f4",
            "api_key_required": false,
            "authorization_scopes": [],
            "authorization_type": "NONE",
            "authorizer_id": "",
            "id": "q3uu1xi",
            "model_selection_expression": "",
            "operation_name": "",
            "request_models": {},
            "request_parameter": [],
            "route_key": "ANY /{proxy+}",
            "route_response_selection_expression": "",
            "target": "integrations/61gyng8"
          },
          "sensitive_attributes": [],
          "private": "bnVsbA==",
          "dependencies": [
            "module.apigateway.aws_apigatewayv2_api.api",
            "module.apigateway.aws_apigatewayv2_integration.lambda",
            "module.apigateway.data.aws_region.current",
            "module.ecr.aws_ecr_repository.this",
            "module.iam.aws_iam_role.lambda",
            "module.lambda.aws_lambda_function.this",
            "module.network.aws_security_group.default",
            "module.network.aws_subnet.private",
            "module.network.aws_vpc.this",
            "module.network.data.aws_availability_zones.available"
          ]
        }
      ]
    },
    {
      "module": "module.apigateway",
      "mode": "managed",
      "type": "aws_apigatewayv2_route",
      "name": "root",
      "provider": "provider[\"registry.terraform.io/hashicorp/aws\"]",
      "instances": [
        {
          "schema_version": 0,
          "attributes": {
            "api_id": "y34jc1f2f4",
            "api_key_required": false,
            "authorization_scopes": [],
            "authorization_type": "NONE",
            "authorizer_id": "",
            "id": "vyri7h5",
            "model_selection_expression": "",
            "operation_name": "",
            "request_models": {},
            "request_parameter": [],
            "route_key": "ANY /",
            "route_response_selection_expression": "",
            "target": "integrations/61gyng8"
          },
          "sensitive_attributes": [],
          "private": "bnVsbA==",
          "dependencies": [
            "module.apigateway.aws_apigatewayv2_api.api",
            "module.apigateway.aws_apigatewayv2_integration.lambda",
            "module.apigateway.data.aws_region.current",
            "module.ecr.aws_ecr_repository.this",
            "module.iam.aws_iam_role.lambda",
            "module.lambda.aws_lambda_function.this",
            "module.network.aws_security_group.default",
            "module.network.aws_subnet.private",
            "module.network.aws_vpc.this",
            "module.network.data.aws_availability_zones.available"
          ]
        }
      ]
    },
    {
      "module": "module.apigateway",
      "mode": "managed",
      "type": "aws_apigatewayv2_stage",
      "name": "default",
      "provider": "provider[\"registry.terraform.io/hashicorp/aws\"]",
      "instances": [
        {
          "schema_version": 0,
          "attributes": {
            "access_log_settings": [
              {
                "destination_arn": "arn:aws:logs:us-east-1:988182270763:log-group:/aws/apigateway/mlops-demo-api",
                "format": "{\"httpMethod\":\"$context.httpMethod\",\"integrationError\":\"$context.integrationErrorMessage\",\"integrationStatus\":\"$context.integrationStatus\",\"requestId\":\"$context.requestId\",\"requestTime\":\"$context.requestTime\",\"resourcePath\":\"$context.resourcePath\",\"responseLatency\":\"$context.responseLatency\",\"status\":\"$context.status\"}"
              }
            ],
            "api_id": "y34jc1f2f4",
            "arn": "arn:aws:apigateway:us-east-1::/apis/y34jc1f2f4/stages/$default",
            "auto_deploy": true,
            "client_certificate_id": "",
            "default_route_settings": [
              {
                "data_trace_enabled": false,
                "detailed_metrics_enabled": false,
                "logging_level": "",
                "throttling_burst_limit": 5000,
                "throttling_rate_limit": 10000
              }
            ],
            "deployment_id": "mq4c07",
            "description": "",
            "execution_arn": "arn:aws:execute-api:us-east-1:988182270763:y34jc1f2f4/$default",
            "id": "$default",
            "invoke_url": "https://y34jc1f2f4.execute-api.us-east-1.amazonaws.com/",
            "name": "$default",
            "route_settings": [],
            "stage_variables": {},
            "tags": {
              "Name": "mlops-demo-api-stage"
            },
            "tags_all": {
              "Name": "mlops-demo-api-stage"
            }
          },
          "sensitive_attributes": [],
          "private": "bnVsbA==",
          "dependencies": [
            "module.apigateway.aws_apigatewayv2_api.api",
            "module.apigateway.aws_cloudwatch_log_group.api_gateway"
          ]
        }
      ]
    },
    {
      "module": "module.apigateway",
      "mode": "managed",
      "type": "aws_cloudwatch_log_group",
      "name": "api_gateway",
      "provider": "provider[\"registry.terraform.io/hashicorp/aws\"]",
      "instances": [
        {
          "schema_version": 0,
          "attributes": {
            "arn": "arn:aws:logs:us-east-1:988182270763:log-group:/aws/apigateway/mlops-demo-api",
            "id": "/aws/apigateway/mlops-demo-api",
            "kms_key_id": "",
            "name": "/aws/apigateway/mlops-demo-api",
            "name_prefix": "",
            "retention_in_days": 3,
            "skip_destroy": false,
            "tags": {
              "Name": "mlops-demo-api-logs"
            },
            "tags_all": {
              "Name": "mlops-demo-api-logs"
            }
          },
          "sensitive_attributes": [],
          "private": "bnVsbA=="
        }
      ]
    },
    {
      "module": "module.apigateway",
      "mode": "managed",
      "type": "aws_iam_role",
      "name": "api_gateway_cloudwatch",
      "provider": "provider[\"registry.terraform.io/hashicorp/aws\"]",
      "instances": [
        {
          "schema_version": 0,
          "attributes": {
            "arn": "arn:aws:iam::988182270763:role/mlops-demo-api-gw-logs-role",
            "assume_role_policy": "{\"Statement\":[{\"Action\":\"sts:AssumeRole\",\"Effect\":\"Allow\",\"Principal\":{\"Service\":\"apigateway.amazonaws.com\"}}],\"Version\":\"2012-10-17\"}",
            "create_date": "2025-05-13T17:46:04Z",
            "description": "",
            "force_detach_policies": false,
            "id": "mlops-demo-api-gw-logs-role",
            "inline_policy": [
              {
                "name": "mlops-demo-api-gw-logs-policy",
                "policy": "{\"Version\":\"2012-10-17\",\"Statement\":[{\"Action\":[\"logs:CreateLogGroup\",\"logs:CreateLogStream\",\"logs:DescribeLogGroups\",\"logs:DescribeLogStreams\",\"logs:PutLogEvents\"],\"Effect\":\"Allow\",\"Resource\":\"*\"}]}"
              }
            ],
            "managed_policy_arns": [],
            "max_session_duration": 3600,
            "name": "mlops-demo-api-gw-logs-role",
            "name_prefix": "",
            "path": "/",
            "permissions_boundary": null,
            "role_last_used": [
              {
                "last_used_date": "",
                "region": ""
              }
            ],
            "tags": {},
            "tags_all": {},
            "unique_id": "AROA6MFCA2MVULMW3RRRN"
          },
          "sensitive_attributes": [],
          "private": "bnVsbA=="
        }
      ]
    },
    {
      "module": "module.apigateway",
      "mode": "managed",
      "type": "aws_iam_role_policy",
      "name": "api_gateway_cloudwatch",
      "provider": "provider[\"registry.terraform.io/hashicorp/aws\"]",
      "instances": [
        {
          "schema_version": 0,
          "attributes": {
            "id": "mlops-demo-api-gw-logs-role:mlops-demo-api-gw-logs-policy",
            "name": "mlops-demo-api-gw-logs-policy",
            "name_prefix": null,
            "policy": "{\"Version\":\"2012-10-17\",\"Statement\":[{\"Action\":[\"logs:CreateLogGroup\",\"logs:CreateLogStream\",\"logs:DescribeLogGroups\",\"logs:DescribeLogStreams\",\"logs:PutLogEvents\"],\"Effect\":\"Allow\",\"Resource\":\"*\"}]}",
            "role": "mlops-demo-api-gw-logs-role"
          },
          "sensitive_attributes": [],
          "private": "bnVsbA==",
          "dependencies": [
            "module.apigateway.aws_iam_role.api_gateway_cloudwatch"
          ]
        }
      ]
    },
    {
      "module": "module.apigateway",
      "mode": "managed",
      "type": "aws_lambda_permission",
      "name": "apigw",
      "provider": "provider[\"registry.terraform.io/hashicorp/aws\"]",
      "instances": [
        {
          "schema_version": 0,
          "attributes": {
            "action": "lambda:InvokeFunction",
            "event_source_token": null,
            "function_name": "mlops-demo-lambda",
            "function_url_auth_type": null,
            "id": "AllowExecutionFromAPIGateway",
            "principal": "apigateway.amazonaws.com",
            "principal_org_id": null,
            "qualifier": "",
            "source_account": null,
            "source_arn": "arn:aws:execute-api:us-east-1:988182270763:y34jc1f2f4/*/*",
            "statement_id": "AllowExecutionFromAPIGateway",
            "statement_id_prefix": ""
          },
          "sensitive_attributes": [],
          "private": "bnVsbA==",
          "dependencies": [
            "module.apigateway.aws_apigatewayv2_api.api",
            "module.ecr.aws_ecr_repository.this",
            "module.iam.aws_iam_role.lambda",
            "module.lambda.aws_lambda_function.this",
            "module.network.aws_security_group.default",
            "module.network.aws_subnet.private",
            "module.network.aws_vpc.this",
            "module.network.data.aws_availability_zones.available"
          ]
        }
      ]
    },
    {
      "module": "module.ecr",
      "mode": "managed",
      "type": "aws_ecr_repository",
      "name": "this",
      "provider": "provider[\"registry.terraform.io/hashicorp/aws\"]",
      "instances": [
        {
          "schema_version": 0,
          "attributes": {
            "arn": "arn:aws:ecr:us-east-1:988182270763:repository/mlops-demo-ecr",
            "encryption_configuration": [
              {
                "encryption_type": "AES256",
                "kms_key": ""
              }
            ],
            "force_delete": true,
            "id": "mlops-demo-ecr",
            "image_scanning_configuration": [
              {
                "scan_on_push": true
              }
            ],
            "image_tag_mutability": "MUTABLE",
            "name": "mlops-demo-ecr",
            "registry_id": "988182270763",
            "repository_url": "988182270763.dkr.ecr.us-east-1.amazonaws.com/mlops-demo-ecr",
            "tags": {
              "Name": "mlops-demo-ecr-repo"
            },
            "tags_all": {
              "Name": "mlops-demo-ecr-repo"
            },
            "timeouts": null
          },
          "sensitive_attributes": [],
          "private": "eyJlMmJmYjczMC1lY2FhLTExZTYtOGY4OC0zNDM2M2JjN2M0YzAiOnsiZGVsZXRlIjoxMjAwMDAwMDAwMDAwfX0=",
          "create_before_destroy": true
        }
      ]
    },
    {
      "module": "module.iam",
      "mode": "data",
      "type": "aws_caller_identity",
      "name": "current",
      "provider": "provider[\"registry.terraform.io/hashicorp/aws\"]",
      "instances": [
        {
          "schema_version": 0,
          "attributes": {
            "account_id": "988182270763",
            "arn": "arn:aws:iam::988182270763:user/mj_pakdel",
            "id": "988182270763",
            "user_id": "AIDA6MFCA2MV3SD26LA6J"
          },
          "sensitive_attributes": []
        }
      ]
    },
    {
      "module": "module.iam",
      "mode": "managed",
      "type": "aws_iam_role",
      "name": "lambda",
      "provider": "provider[\"registry.terraform.io/hashicorp/aws\"]",
      "instances": [
        {
          "schema_version": 0,
          "attributes": {
            "arn": "arn:aws:iam::988182270763:role/mlops-demo-lambda-role",
            "assume_role_policy": "{\"Statement\":[{\"Action\":\"sts:AssumeRole\",\"Effect\":\"Allow\",\"Principal\":{\"Service\":\"lambda.amazonaws.com\"}}],\"Version\":\"2012-10-17\"}",
            "create_date": "2025-05-13T17:46:04Z",
            "description": "",
            "force_detach_policies": false,
            "id": "mlops-demo-lambda-role",
            "inline_policy": [
              {
                "name": "mlops-demo-lambda-sagemaker",
                "policy": "{\"Version\":\"2012-10-17\",\"Statement\":[{\"Action\":\"sagemaker:InvokeEndpoint\",\"Effect\":\"Allow\",\"Resource\":\"arn:aws:sagemaker:us-east-1:988182270763:endpoint/mlops-demo-endpoint\"}]}"
              }
            ],
            "managed_policy_arns": [
              "arn:aws:iam::aws:policy/service-role/AWSLambdaBasicExecutionRole",
              "arn:aws:iam::aws:policy/service-role/AWSLambdaVPCAccessExecutionRole"
            ],
            "max_session_duration": 3600,
            "name": "mlops-demo-lambda-role",
            "name_prefix": "",
            "path": "/",
            "permissions_boundary": null,
            "role_last_used": [
              {
                "last_used_date": "2025-05-13T17:46:20Z",
                "region": "us-east-1"
              }
            ],
            "tags": {
              "Name": "mlops-demo-lambda-role"
            },
            "tags_all": {
              "Name": "mlops-demo-lambda-role"
            },
            "unique_id": "AROA6MFCA2MV2HARID5KD"
          },
          "sensitive_attributes": [],
          "private": "bnVsbA=="
        }
      ]
    },
    {
      "module": "module.iam",
      "mode": "managed",
      "type": "aws_iam_role",
      "name": "sagemaker",
      "provider": "provider[\"registry.terraform.io/hashicorp/aws\"]",
      "instances": [
        {
          "schema_version": 0,
          "attributes": {
            "arn": "arn:aws:iam::988182270763:role/mlops-demo-sagemaker-role",
            "assume_role_policy": "{\"Statement\":[{\"Action\":\"sts:AssumeRole\",\"Effect\":\"Allow\",\"Principal\":{\"Service\":\"sagemaker.amazonaws.com\"}}],\"Version\":\"2012-10-17\"}",
            "create_date": "2025-05-13T17:46:04Z",
            "description": "",
            "force_detach_policies": false,
            "id": "mlops-demo-sagemaker-role",
            "inline_policy": [
              {
                "name": "mlops-demo-sagemaker-s3-access",
                "policy": "{\"Version\":\"2012-10-17\",\"Statement\":[{\"Action\":[\"s3:GetObject\",\"s3:ListBucket\",\"s3:GetBucketLocation\"],\"Effect\":\"Allow\",\"Resource\":[\"arn:aws:s3:::mlops-demo-lambda-bucket\",\"arn:aws:s3:::mlops-demo-lambda-bucket/*\"]}]}"
              }
            ],
            "managed_policy_arns": [
              "arn:aws:iam::aws:policy/AmazonSageMakerFullAccess"
            ],
            "max_session_duration": 3600,
            "name": "mlops-demo-sagemaker-role",
            "name_prefix": "",
            "path": "/",
            "permissions_boundary": null,
            "role_last_used": [
              {
                "last_used_date": "2025-05-13T19:05:20Z",
                "region": "us-east-1"
              }
            ],
            "tags": {
              "Name": "mlops-demo-sagemaker-role"
            },
            "tags_all": {
              "Name": "mlops-demo-sagemaker-role"
            },
            "unique_id": "AROA6MFCA2MVYTWZ6NREG"
          },
          "sensitive_attributes": [],
          "private": "bnVsbA=="
        }
      ]
    },
    {
      "module": "module.iam",
      "mode": "managed",
      "type": "aws_iam_role_policy",
      "name": "lambda_sagemaker",
      "provider": "provider[\"registry.terraform.io/hashicorp/aws\"]",
      "instances": [
        {
          "schema_version": 0,
          "attributes": {
            "id": "mlops-demo-lambda-role:mlops-demo-lambda-sagemaker",
            "name": "mlops-demo-lambda-sagemaker",
            "name_prefix": null,
            "policy": "{\"Version\":\"2012-10-17\",\"Statement\":[{\"Action\":\"sagemaker:InvokeEndpoint\",\"Effect\":\"Allow\",\"Resource\":\"arn:aws:sagemaker:us-east-1:988182270763:endpoint/mlops-demo-endpoint\"}]}",
            "role": "mlops-demo-lambda-role"
          },
          "sensitive_attributes": [],
          "private": "bnVsbA==",
          "dependencies": [
            "module.iam.aws_iam_role.lambda",
            "module.iam.data.aws_caller_identity.current"
          ]
        }
      ]
    },
    {
      "module": "module.iam",
      "mode": "managed",
      "type": "aws_iam_role_policy",
      "name": "sagemaker_s3_access",
      "provider": "provider[\"registry.terraform.io/hashicorp/aws\"]",
      "instances": [
        {
          "schema_version": 0,
          "attributes": {
            "id": "mlops-demo-sagemaker-role:mlops-demo-sagemaker-s3-access",
            "name": "mlops-demo-sagemaker-s3-access",
            "name_prefix": null,
            "policy": "{\"Version\":\"2012-10-17\",\"Statement\":[{\"Action\":[\"s3:GetObject\",\"s3:ListBucket\",\"s3:GetBucketLocation\"],\"Effect\":\"Allow\",\"Resource\":[\"arn:aws:s3:::mlops-demo-lambda-bucket\",\"arn:aws:s3:::mlops-demo-lambda-bucket/*\"]}]}",
            "role": "mlops-demo-sagemaker-role"
          },
          "sensitive_attributes": [],
          "private": "bnVsbA==",
          "dependencies": [
            "module.iam.aws_iam_role.sagemaker"
          ]
        }
      ]
    },
    {
      "module": "module.iam",
      "mode": "managed",
      "type": "aws_iam_role_policy_attachment",
      "name": "lambda_basic",
      "provider": "provider[\"registry.terraform.io/hashicorp/aws\"]",
      "instances": [
        {
          "schema_version": 0,
          "attributes": {
            "id": "mlops-demo-lambda-role-20250513174604629300000003",
            "policy_arn": "arn:aws:iam::aws:policy/service-role/AWSLambdaBasicExecutionRole",
            "role": "mlops-demo-lambda-role"
          },
          "sensitive_attributes": [],
          "private": "bnVsbA==",
          "dependencies": [
            "module.iam.aws_iam_role.lambda"
          ]
        }
      ]
    },
    {
      "module": "module.iam",
      "mode": "managed",
      "type": "aws_iam_role_policy_attachment",
      "name": "lambda_vpc",
      "provider": "provider[\"registry.terraform.io/hashicorp/aws\"]",
      "instances": [
        {
          "schema_version": 0,
          "attributes": {
            "id": "mlops-demo-lambda-role-20250513174604591900000002",
            "policy_arn": "arn:aws:iam::aws:policy/service-role/AWSLambdaVPCAccessExecutionRole",
            "role": "mlops-demo-lambda-role"
          },
          "sensitive_attributes": [],
          "private": "bnVsbA==",
          "dependencies": [
            "module.iam.aws_iam_role.lambda"
          ]
        }
      ]
    },
    {
      "module": "module.iam",
      "mode": "managed",
      "type": "aws_iam_role_policy_attachment",
      "name": "sagemaker_full_access",
      "provider": "provider[\"registry.terraform.io/hashicorp/aws\"]",
      "instances": [
        {
          "schema_version": 0,
          "attributes": {
            "id": "mlops-demo-sagemaker-role-20250513174604450500000001",
            "policy_arn": "arn:aws:iam::aws:policy/AmazonSageMakerFullAccess",
            "role": "mlops-demo-sagemaker-role"
          },
          "sensitive_attributes": [],
          "private": "bnVsbA==",
          "dependencies": [
            "module.iam.aws_iam_role.sagemaker"
          ]
        }
      ]
    },
    {
      "module": "module.lambda",
      "mode": "data",
      "type": "aws_region",
      "name": "current",
      "provider": "provider[\"registry.terraform.io/hashicorp/aws\"]",
      "instances": [
        {
          "schema_version": 0,
          "attributes": {
            "description": "US East (N. Virginia)",
            "endpoint": "ec2.us-east-1.amazonaws.com",
            "id": "us-east-1",
            "name": "us-east-1"
          },
          "sensitive_attributes": []
        }
      ]
    },
    {
      "module": "module.lambda",
      "mode": "managed",
      "type": "aws_cloudwatch_log_group",
      "name": "lambda",
      "provider": "provider[\"registry.terraform.io/hashicorp/aws\"]",
      "instances": [
        {
          "schema_version": 0,
          "attributes": {
            "arn": "arn:aws:logs:us-east-1:988182270763:log-group:/aws/lambda/mlops-demo-lambda",
            "id": "/aws/lambda/mlops-demo-lambda",
            "kms_key_id": "",
            "name": "/aws/lambda/mlops-demo-lambda",
            "name_prefix": "",
            "retention_in_days": 3,
            "skip_destroy": false,
            "tags": {
              "Name": "mlops-demo-lambda-logs"
            },
            "tags_all": {
              "Name": "mlops-demo-lambda-logs"
            }
          },
          "sensitive_attributes": [],
          "private": "bnVsbA==",
          "dependencies": [
            "module.ecr.aws_ecr_repository.this"
          ],
          "create_before_destroy": true
        }
      ]
    },
    {
      "module": "module.lambda",
      "mode": "managed",
      "type": "aws_lambda_function",
      "name": "this",
      "provider": "provider[\"registry.terraform.io/hashicorp/aws\"]",
      "instances": [
        {
          "schema_version": 0,
          "attributes": {
            "architectures": [
              "x86_64"
            ],
            "arn": "arn:aws:lambda:us-east-1:988182270763:function:mlops-demo-lambda",
            "code_signing_config_arn": "",
            "dead_letter_config": [],
            "description": "",
            "environment": [
              {
                "variables": {
                  "SAGEMAKER_ENDPOINT": "mlops-demo-endpoint"
                }
              }
            ],
            "ephemeral_storage": [
              {
                "size": 512
              }
            ],
            "file_system_config": [],
            "filename": null,
            "function_name": "mlops-demo-lambda",
            "handler": "",
            "id": "mlops-demo-lambda",
            "image_config": [],
            "image_uri": "988182270763.dkr.ecr.us-east-1.amazonaws.com/mlops-demo-ecr:latest",
            "invoke_arn": "arn:aws:apigateway:us-east-1:lambda:path/2015-03-31/functions/arn:aws:lambda:us-east-1:988182270763:function:mlops-demo-lambda/invocations",
            "kms_key_arn": "",
            "last_modified": "2025-05-13T17:46:19.622+0000",
            "layers": [],
            "memory_size": 1024,
            "package_type": "Image",
            "publish": false,
            "qualified_arn": "arn:aws:lambda:us-east-1:988182270763:function:mlops-demo-lambda:$LATEST",
            "qualified_invoke_arn": "arn:aws:apigateway:us-east-1:lambda:path/2015-03-31/functions/arn:aws:lambda:us-east-1:988182270763:function:mlops-demo-lambda:$LATEST/invocations",
            "replace_security_groups_on_destroy": null,
            "replacement_security_group_ids": null,
            "reserved_concurrent_executions": -1,
            "role": "arn:aws:iam::988182270763:role/mlops-demo-lambda-role",
            "runtime": "",
            "s3_bucket": null,
            "s3_key": null,
            "s3_object_version": null,
            "signing_job_arn": "",
            "signing_profile_version_arn": "",
            "skip_destroy": false,
            "snap_start": [],
            "source_code_hash": "bb4a35ff6cef0e353943413e0c24163c6d870ed8e1b532b6639eccaf9a80f64e",
            "source_code_size": 0,
            "tags": {
              "Name": "mlops-demo-lambda"
            },
            "tags_all": {
              "Name": "mlops-demo-lambda"
            },
            "timeout": 30,
            "timeouts": null,
            "tracing_config": [
              {
                "mode": "PassThrough"
              }
            ],
            "version": "$LATEST",
            "vpc_config": [
              {
                "security_group_ids": [
                  "sg-091dc5cbd055acec4"
                ],
                "subnet_ids": [
                  "subnet-0f59a420c97b3ae11",
                  "subnet-0f8ebae5db3c66cda"
                ],
                "vpc_id": "vpc-05b8a312cdfe988fd"
              }
            ]
          },
          "sensitive_attributes": [],
          "private": "eyJlMmJmYjczMC1lY2FhLTExZTYtOGY4OC0zNDM2M2JjN2M0YzAiOnsiY3JlYXRlIjo2MDAwMDAwMDAwMDAsImRlbGV0ZSI6NjAwMDAwMDAwMDAwLCJ1cGRhdGUiOjYwMDAwMDAwMDAwMH19",
          "dependencies": [
            "module.ecr.aws_ecr_repository.this",
            "module.iam.aws_iam_role.lambda",
            "module.network.aws_security_group.default",
            "module.network.aws_subnet.private",
            "module.network.aws_vpc.this",
            "module.network.data.aws_availability_zones.available"
          ]
        }
      ]
    },
    {
      "module": "module.network",
      "mode": "data",
      "type": "aws_availability_zones",
      "name": "available",
      "provider": "provider[\"registry.terraform.io/hashicorp/aws\"]",
      "instances": [
        {
          "schema_version": 0,
          "attributes": {
            "all_availability_zones": null,
            "exclude_names": null,
            "exclude_zone_ids": null,
            "filter": null,
            "group_names": [
              "us-east-1-zg-1"
            ],
            "id": "us-east-1",
            "names": [
              "us-east-1a",
              "us-east-1b",
              "us-east-1c",
              "us-east-1d",
              "us-east-1e",
              "us-east-1f"
            ],
            "state": "available",
            "timeouts": null,
            "zone_ids": [
              "use1-az2",
              "use1-az4",
              "use1-az6",
              "use1-az1",
              "use1-az3",
              "use1-az5"
            ]
          },
          "sensitive_attributes": []
        }
      ]
    },
    {
      "module": "module.network",
      "mode": "data",
      "type": "aws_region",
      "name": "current",
      "provider": "provider[\"registry.terraform.io/hashicorp/aws\"]",
      "instances": [
        {
          "schema_version": 0,
          "attributes": {
            "description": "US East (N. Virginia)",
            "endpoint": "ec2.us-east-1.amazonaws.com",
            "id": "us-east-1",
            "name": "us-east-1"
          },
          "sensitive_attributes": []
        }
      ]
    },
    {
      "module": "module.network",
      "mode": "managed",
      "type": "aws_security_group",
      "name": "default",
      "provider": "provider[\"registry.terraform.io/hashicorp/aws\"]",
      "instances": [
        {
          "schema_version": 1,
          "attributes": {
            "arn": "arn:aws:ec2:us-east-1:988182270763:security-group/sg-091dc5cbd055acec4",
            "description": "Default SG for internal access",
            "egress": [
              {
                "cidr_blocks": [
                  "0.0.0.0/0"
                ],
                "description": "",
                "from_port": 0,
                "ipv6_cidr_blocks": [],
                "prefix_list_ids": [],
                "protocol": "-1",
                "security_groups": [],
                "self": false,
                "to_port": 0
              }
            ],
            "id": "sg-091dc5cbd055acec4",
            "ingress": [
              {
                "cidr_blocks": [],
                "description": "",
                "from_port": 0,
                "ipv6_cidr_blocks": [],
                "prefix_list_ids": [],
                "protocol": "-1",
                "security_groups": [],
                "self": true,
                "to_port": 0
              }
            ],
            "name": "mlops-demo-default-sg",
            "name_prefix": "",
            "owner_id": "988182270763",
            "revoke_rules_on_delete": false,
            "tags": {
              "Name": "mlops-demo-sg"
            },
            "tags_all": {
              "Name": "mlops-demo-sg"
            },
            "timeouts": null,
            "vpc_id": "vpc-05b8a312cdfe988fd"
          },
          "sensitive_attributes": [],
          "private": "eyJlMmJmYjczMC1lY2FhLTExZTYtOGY4OC0zNDM2M2JjN2M0YzAiOnsiY3JlYXRlIjo2MDAwMDAwMDAwMDAsImRlbGV0ZSI6OTAwMDAwMDAwMDAwfSwic2NoZW1hX3ZlcnNpb24iOiIxIn0=",
          "dependencies": [
            "module.network.aws_vpc.this"
          ],
          "create_before_destroy": true
        }
      ]
    },
    {
      "module": "module.network",
      "mode": "managed",
      "type": "aws_security_group",
      "name": "vpc_endpoint",
      "provider": "provider[\"registry.terraform.io/hashicorp/aws\"]",
      "instances": [
        {
          "schema_version": 1,
          "attributes": {
            "arn": "arn:aws:ec2:us-east-1:988182270763:security-group/sg-094b8aa2b4612e3ea",
            "description": "Security group for VPC endpoints",
            "egress": [
              {
                "cidr_blocks": [
                  "0.0.0.0/0"
                ],
                "description": "Allow all outbound traffic",
                "from_port": 0,
                "ipv6_cidr_blocks": [],
                "prefix_list_ids": [],
                "protocol": "-1",
                "security_groups": [],
                "self": false,
                "to_port": 0
              }
            ],
            "id": "sg-094b8aa2b4612e3ea",
            "ingress": [
              {
                "cidr_blocks": [
                  "10.0.0.0/16"
                ],
                "description": "Allow HTTPS inbound from VPC",
                "from_port": 443,
                "ipv6_cidr_blocks": [],
                "prefix_list_ids": [],
                "protocol": "tcp",
                "security_groups": [],
                "self": false,
                "to_port": 443
              }
            ],
            "name": "mlops-demo-vpc-endpoint-sg",
            "name_prefix": "",
            "owner_id": "988182270763",
            "revoke_rules_on_delete": false,
            "tags": {
              "Name": "mlops-demo-vpc-endpoint-sg"
            },
            "tags_all": {
              "Name": "mlops-demo-vpc-endpoint-sg"
            },
            "timeouts": null,
            "vpc_id": "vpc-05b8a312cdfe988fd"
          },
          "sensitive_attributes": [],
          "private": "eyJlMmJmYjczMC1lY2FhLTExZTYtOGY4OC0zNDM2M2JjN2M0YzAiOnsiY3JlYXRlIjo2MDAwMDAwMDAwMDAsImRlbGV0ZSI6OTAwMDAwMDAwMDAwfSwic2NoZW1hX3ZlcnNpb24iOiIxIn0=",
          "dependencies": [
            "module.network.aws_vpc.this"
          ],
          "create_before_destroy": true
        }
      ]
    },
    {
      "module": "module.network",
      "mode": "managed",
      "type": "aws_security_group_rule",
      "name": "allow_all_outbound",
      "provider": "provider[\"registry.terraform.io/hashicorp/aws\"]",
      "instances": [
        {
          "schema_version": 2,
          "attributes": {
            "cidr_blocks": [
              "0.0.0.0/0"
            ],
            "description": "",
            "from_port": 0,
            "id": "sgrule-3105421313",
            "ipv6_cidr_blocks": null,
            "prefix_list_ids": null,
            "protocol": "-1",
            "security_group_id": "sg-091dc5cbd055acec4",
            "security_group_rule_id": "sgr-02fdb965eedd7ac78",
            "self": false,
            "source_security_group_id": null,
            "timeouts": null,
            "to_port": 0,
            "type": "egress"
          },
          "sensitive_attributes": [],
          "private": "eyJlMmJmYjczMC1lY2FhLTExZTYtOGY4OC0zNDM2M2JjN2M0YzAiOnsiY3JlYXRlIjozMDAwMDAwMDAwMDB9LCJzY2hlbWFfdmVyc2lvbiI6IjIifQ==",
          "dependencies": [
            "module.network.aws_security_group.default",
            "module.network.aws_vpc.this"
          ],
          "create_before_destroy": true
        }
      ]
    },
    {
      "module": "module.network",
      "mode": "managed",
      "type": "aws_security_group_rule",
      "name": "internal_allow_all",
      "provider": "provider[\"registry.terraform.io/hashicorp/aws\"]",
      "instances": [
        {
          "schema_version": 2,
          "attributes": {
            "cidr_blocks": null,
            "description": "",
            "from_port": 0,
            "id": "sgrule-2198024413",
            "ipv6_cidr_blocks": null,
            "prefix_list_ids": null,
            "protocol": "-1",
            "security_group_id": "sg-091dc5cbd055acec4",
            "security_group_rule_id": "sgr-0f74b16d586609896",
            "self": true,
            "source_security_group_id": null,
            "timeouts": null,
            "to_port": 0,
            "type": "ingress"
          },
          "sensitive_attributes": [],
          "private": "eyJlMmJmYjczMC1lY2FhLTExZTYtOGY4OC0zNDM2M2JjN2M0YzAiOnsiY3JlYXRlIjozMDAwMDAwMDAwMDB9LCJzY2hlbWFfdmVyc2lvbiI6IjIifQ==",
          "dependencies": [
            "module.network.aws_security_group.default",
            "module.network.aws_vpc.this"
          ],
          "create_before_destroy": true
        }
      ]
    },
    {
      "module": "module.network",
      "mode": "managed",
      "type": "aws_security_group_rule",
      "name": "vpc_endpoint_all_outbound",
      "provider": "provider[\"registry.terraform.io/hashicorp/aws\"]",
      "instances": [
        {
          "schema_version": 2,
          "attributes": {
            "cidr_blocks": [
              "0.0.0.0/0"
            ],
            "description": "Allow all outbound traffic",
            "from_port": 0,
            "id": "sgrule-2513384805",
            "ipv6_cidr_blocks": null,
            "prefix_list_ids": null,
            "protocol": "-1",
            "security_group_id": "sg-094b8aa2b4612e3ea",
            "security_group_rule_id": "sgr-046a4c4897a3b8a6d",
            "self": false,
            "source_security_group_id": null,
            "timeouts": null,
            "to_port": 0,
            "type": "egress"
          },
          "sensitive_attributes": [],
          "private": "eyJlMmJmYjczMC1lY2FhLTExZTYtOGY4OC0zNDM2M2JjN2M0YzAiOnsiY3JlYXRlIjozMDAwMDAwMDAwMDB9LCJzY2hlbWFfdmVyc2lvbiI6IjIifQ==",
          "dependencies": [
            "module.network.aws_security_group.vpc_endpoint",
            "module.network.aws_vpc.this"
          ],
          "create_before_destroy": true
        }
      ]
    },
    {
      "module": "module.network",
      "mode": "managed",
      "type": "aws_security_group_rule",
      "name": "vpc_endpoint_https_inbound",
      "provider": "provider[\"registry.terraform.io/hashicorp/aws\"]",
      "instances": [
        {
          "schema_version": 2,
          "attributes": {
            "cidr_blocks": [
              "10.0.0.0/16"
            ],
            "description": "Allow HTTPS inbound from VPC",
            "from_port": 443,
            "id": "sgrule-3505230044",
            "ipv6_cidr_blocks": null,
            "prefix_list_ids": null,
            "protocol": "tcp",
            "security_group_id": "sg-094b8aa2b4612e3ea",
            "security_group_rule_id": "sgr-0bdba34691b86652f",
            "self": false,
            "source_security_group_id": null,
            "timeouts": null,
            "to_port": 443,
            "type": "ingress"
          },
          "sensitive_attributes": [],
          "private": "eyJlMmJmYjczMC1lY2FhLTExZTYtOGY4OC0zNDM2M2JjN2M0YzAiOnsiY3JlYXRlIjozMDAwMDAwMDAwMDB9LCJzY2hlbWFfdmVyc2lvbiI6IjIifQ==",
          "dependencies": [
            "module.network.aws_security_group.vpc_endpoint",
            "module.network.aws_vpc.this"
          ],
          "create_before_destroy": true
        }
      ]
    },
    {
      "module": "module.network",
      "mode": "managed",
      "type": "aws_subnet",
      "name": "private",
      "provider": "provider[\"registry.terraform.io/hashicorp/aws\"]",
      "instances": [
        {
          "index_key": 0,
          "schema_version": 1,
          "attributes": {
            "arn": "arn:aws:ec2:us-east-1:988182270763:subnet/subnet-0f8ebae5db3c66cda",
            "assign_ipv6_address_on_creation": false,
            "availability_zone": "us-east-1a",
            "availability_zone_id": "use1-az2",
            "cidr_block": "10.0.1.0/24",
            "customer_owned_ipv4_pool": "",
            "enable_dns64": false,
            "enable_lni_at_device_index": 0,
            "enable_resource_name_dns_a_record_on_launch": false,
            "enable_resource_name_dns_aaaa_record_on_launch": false,
            "id": "subnet-0f8ebae5db3c66cda",
            "ipv6_cidr_block": "",
            "ipv6_cidr_block_association_id": "",
            "ipv6_native": false,
            "map_customer_owned_ip_on_launch": false,
            "map_public_ip_on_launch": false,
            "outpost_arn": "",
            "owner_id": "988182270763",
            "private_dns_hostname_type_on_launch": "ip-name",
            "tags": {
              "Name": "mlops-demo-subnet-1"
            },
            "tags_all": {
              "Name": "mlops-demo-subnet-1"
            },
            "timeouts": null,
            "vpc_id": "vpc-05b8a312cdfe988fd"
          },
          "sensitive_attributes": [],
          "private": "eyJlMmJmYjczMC1lY2FhLTExZTYtOGY4OC0zNDM2M2JjN2M0YzAiOnsiY3JlYXRlIjo2MDAwMDAwMDAwMDAsImRlbGV0ZSI6MTIwMDAwMDAwMDAwMH0sInNjaGVtYV92ZXJzaW9uIjoiMSJ9",
          "dependencies": [
            "module.network.aws_vpc.this",
            "module.network.data.aws_availability_zones.available"
          ],
          "create_before_destroy": true
        },
        {
          "index_key": 1,
          "schema_version": 1,
          "attributes": {
            "arn": "arn:aws:ec2:us-east-1:988182270763:subnet/subnet-0f59a420c97b3ae11",
            "assign_ipv6_address_on_creation": false,
            "availability_zone": "us-east-1b",
            "availability_zone_id": "use1-az4",
            "cidr_block": "10.0.2.0/24",
            "customer_owned_ipv4_pool": "",
            "enable_dns64": false,
            "enable_lni_at_device_index": 0,
            "enable_resource_name_dns_a_record_on_launch": false,
            "enable_resource_name_dns_aaaa_record_on_launch": false,
            "id": "subnet-0f59a420c97b3ae11",
            "ipv6_cidr_block": "",
            "ipv6_cidr_block_association_id": "",
            "ipv6_native": false,
            "map_customer_owned_ip_on_launch": false,
            "map_public_ip_on_launch": false,
            "outpost_arn": "",
            "owner_id": "988182270763",
            "private_dns_hostname_type_on_launch": "ip-name",
            "tags": {
              "Name": "mlops-demo-subnet-2"
            },
            "tags_all": {
              "Name": "mlops-demo-subnet-2"
            },
            "timeouts": null,
            "vpc_id": "vpc-05b8a312cdfe988fd"
          },
          "sensitive_attributes": [],
          "private": "eyJlMmJmYjczMC1lY2FhLTExZTYtOGY4OC0zNDM2M2JjN2M0YzAiOnsiY3JlYXRlIjo2MDAwMDAwMDAwMDAsImRlbGV0ZSI6MTIwMDAwMDAwMDAwMH0sInNjaGVtYV92ZXJzaW9uIjoiMSJ9",
          "dependencies": [
            "module.network.aws_vpc.this",
            "module.network.data.aws_availability_zones.available"
          ],
          "create_before_destroy": true
        }
      ]
    },
    {
      "module": "module.network",
      "mode": "managed",
      "type": "aws_vpc",
      "name": "this",
      "provider": "provider[\"registry.terraform.io/hashicorp/aws\"]",
      "instances": [
        {
          "schema_version": 1,
          "attributes": {
            "arn": "arn:aws:ec2:us-east-1:988182270763:vpc/vpc-05b8a312cdfe988fd",
            "assign_generated_ipv6_cidr_block": false,
            "cidr_block": "10.0.0.0/16",
            "default_network_acl_id": "acl-0df4cf0973c3fcedb",
            "default_route_table_id": "rtb-039a18c692b0be693",
            "default_security_group_id": "sg-07b91fbe50e9969c1",
            "dhcp_options_id": "dopt-05ac97b42975da2fd",
            "enable_classiclink": false,
            "enable_classiclink_dns_support": false,
            "enable_dns_hostnames": true,
            "enable_dns_support": true,
            "enable_network_address_usage_metrics": false,
            "id": "vpc-05b8a312cdfe988fd",
            "instance_tenancy": "default",
            "ipv4_ipam_pool_id": null,
            "ipv4_netmask_length": null,
            "ipv6_association_id": "",
            "ipv6_cidr_block": "",
            "ipv6_cidr_block_network_border_group": "",
            "ipv6_ipam_pool_id": "",
            "ipv6_netmask_length": 0,
            "main_route_table_id": "rtb-039a18c692b0be693",
            "owner_id": "988182270763",
            "tags": {
              "Name": "mlops-demo-vpc"
            },
            "tags_all": {
              "Name": "mlops-demo-vpc"
            }
          },
          "sensitive_attributes": [],
          "private": "eyJzY2hlbWFfdmVyc2lvbiI6IjEifQ==",
          "create_before_destroy": true
        }
      ]
    },
    {
      "module": "module.network",
      "mode": "managed",
      "type": "aws_vpc_endpoint",
      "name": "cloudwatch_logs",
      "provider": "provider[\"registry.terraform.io/hashicorp/aws\"]",
      "instances": [
        {
          "schema_version": 0,
          "attributes": {
            "arn": "arn:aws:ec2:us-east-1:988182270763:vpc-endpoint/vpce-0bb9b5b002c424cb8",
            "auto_accept": null,
            "cidr_blocks": [],
            "dns_entry": [
              {
                "dns_name": "vpce-0bb9b5b002c424cb8-6nbq7ipo.logs.us-east-1.vpce.amazonaws.com",
                "hosted_zone_id": "Z7HUB22UULQXV"
              },
              {
                "dns_name": "vpce-0bb9b5b002c424cb8-6nbq7ipo-us-east-1b.logs.us-east-1.vpce.amazonaws.com",
                "hosted_zone_id": "Z7HUB22UULQXV"
              },
              {
                "dns_name": "vpce-0bb9b5b002c424cb8-6nbq7ipo-us-east-1a.logs.us-east-1.vpce.amazonaws.com",
                "hosted_zone_id": "Z7HUB22UULQXV"
              },
              {
                "dns_name": "logs.us-east-1.amazonaws.com",
                "hosted_zone_id": "Z02141613VEIH6TYUXLZ5"
              },
              {
                "dns_name": "streaming-logs.us-east-1.amazonaws.com",
                "hosted_zone_id": "Z02152002H8TE69A0D2B4"
              },
              {
                "dns_name": "streaming-logs.us-east-1.api.aws",
                "hosted_zone_id": "Z021572931FNBMCD6H2BR"
              },
              {
                "dns_name": "logs.us-east-1.api.aws",
                "hosted_zone_id": "Z00157289AI9HUQSNBIC"
              }
            ],
            "dns_options": [
              {
                "dns_record_ip_type": "ipv4"
              }
            ],
            "id": "vpce-0bb9b5b002c424cb8",
            "ip_address_type": "ipv4",
            "network_interface_ids": [
              "eni-05bcb0e19df1c6588",
              "eni-0aac898e630f9b032"
            ],
            "owner_id": "988182270763",
            "policy": "{\"Statement\":[{\"Action\":\"*\",\"Effect\":\"Allow\",\"Principal\":\"*\",\"Resource\":\"*\"}]}",
            "prefix_list_id": null,
            "private_dns_enabled": true,
            "requester_managed": false,
            "route_table_ids": [],
            "security_group_ids": [
              "sg-094b8aa2b4612e3ea"
            ],
            "service_name": "com.amazonaws.us-east-1.logs",
            "state": "available",
            "subnet_ids": [
              "subnet-0f59a420c97b3ae11",
              "subnet-0f8ebae5db3c66cda"
            ],
            "tags": {
              "Name": "mlops-demo-logs-endpoint"
            },
            "tags_all": {
              "Name": "mlops-demo-logs-endpoint"
            },
            "timeouts": null,
            "vpc_endpoint_type": "Interface",
            "vpc_id": "vpc-05b8a312cdfe988fd"
          },
          "sensitive_attributes": [],
          "private": "eyJlMmJmYjczMC1lY2FhLTExZTYtOGY4OC0zNDM2M2JjN2M0YzAiOnsiY3JlYXRlIjo2MDAwMDAwMDAwMDAsImRlbGV0ZSI6NjAwMDAwMDAwMDAwLCJ1cGRhdGUiOjYwMDAwMDAwMDAwMH19",
          "dependencies": [
            "module.network.aws_security_group.vpc_endpoint",
            "module.network.aws_subnet.private",
            "module.network.aws_vpc.this",
            "module.network.data.aws_availability_zones.available",
            "module.network.data.aws_region.current"
          ],
          "create_before_destroy": true
        }
      ]
    },
    {
      "module": "module.network",
      "mode": "managed",
      "type": "aws_vpc_endpoint",
      "name": "cloudwatch_metrics",
      "provider": "provider[\"registry.terraform.io/hashicorp/aws\"]",
      "instances": [
        {
          "schema_version": 0,
          "attributes": {
            "arn": "arn:aws:ec2:us-east-1:988182270763:vpc-endpoint/vpce-073903868791d0f49",
            "auto_accept": null,
            "cidr_blocks": [],
            "dns_entry": [
              {
                "dns_name": "vpce-073903868791d0f49-mu4646jg.monitoring.us-east-1.vpce.amazonaws.com",
                "hosted_zone_id": "Z7HUB22UULQXV"
              },
              {
                "dns_name": "vpce-073903868791d0f49-mu4646jg-us-east-1a.monitoring.us-east-1.vpce.amazonaws.com",
                "hosted_zone_id": "Z7HUB22UULQXV"
              },
              {
                "dns_name": "vpce-073903868791d0f49-mu4646jg-us-east-1b.monitoring.us-east-1.vpce.amazonaws.com",
                "hosted_zone_id": "Z7HUB22UULQXV"
              },
              {
                "dns_name": "monitoring.us-east-1.amazonaws.com",
                "hosted_zone_id": "Z07994672HNIB7PUUCNYU"
              },
              {
                "dns_name": "monitoring.us-east-1.api.aws",
                "hosted_zone_id": "Z0008409TNT01M0VCRJF"
              }
            ],
            "dns_options": [
              {
                "dns_record_ip_type": "ipv4"
              }
            ],
            "id": "vpce-073903868791d0f49",
            "ip_address_type": "ipv4",
            "network_interface_ids": [
              "eni-02a3cee75e5490249",
              "eni-08f2d314bc70c4cb2"
            ],
            "owner_id": "988182270763",
            "policy": "{\"Statement\":[{\"Action\":\"*\",\"Effect\":\"Allow\",\"Principal\":\"*\",\"Resource\":\"*\"}]}",
            "prefix_list_id": null,
            "private_dns_enabled": true,
            "requester_managed": false,
            "route_table_ids": [],
            "security_group_ids": [
              "sg-094b8aa2b4612e3ea"
            ],
            "service_name": "com.amazonaws.us-east-1.monitoring",
            "state": "available",
            "subnet_ids": [
              "subnet-0f59a420c97b3ae11",
              "subnet-0f8ebae5db3c66cda"
            ],
            "tags": {
              "Name": "mlops-demo-metrics-endpoint"
            },
            "tags_all": {
              "Name": "mlops-demo-metrics-endpoint"
            },
            "timeouts": null,
            "vpc_endpoint_type": "Interface",
            "vpc_id": "vpc-05b8a312cdfe988fd"
          },
          "sensitive_attributes": [],
          "private": "eyJlMmJmYjczMC1lY2FhLTExZTYtOGY4OC0zNDM2M2JjN2M0YzAiOnsiY3JlYXRlIjo2MDAwMDAwMDAwMDAsImRlbGV0ZSI6NjAwMDAwMDAwMDAwLCJ1cGRhdGUiOjYwMDAwMDAwMDAwMH19",
          "dependencies": [
            "module.network.aws_security_group.vpc_endpoint",
            "module.network.aws_subnet.private",
            "module.network.aws_vpc.this",
            "module.network.data.aws_availability_zones.available",
            "module.network.data.aws_region.current"
          ],
          "create_before_destroy": true
        }
      ]
    },
    {
      "module": "module.network",
      "mode": "managed",
      "type": "aws_vpc_endpoint",
      "name": "ecr_api",
      "provider": "provider[\"registry.terraform.io/hashicorp/aws\"]",
      "instances": [
        {
          "schema_version": 0,
          "attributes": {
            "arn": "arn:aws:ec2:us-east-1:988182270763:vpc-endpoint/vpce-00a8935c6206dbb0c",
            "auto_accept": null,
            "cidr_blocks": [],
            "dns_entry": [
              {
                "dns_name": "vpce-00a8935c6206dbb0c-u15arovo.api.ecr.us-east-1.vpce.amazonaws.com",
                "hosted_zone_id": "Z7HUB22UULQXV"
              },
              {
                "dns_name": "vpce-00a8935c6206dbb0c-u15arovo-us-east-1b.api.ecr.us-east-1.vpce.amazonaws.com",
                "hosted_zone_id": "Z7HUB22UULQXV"
              },
              {
                "dns_name": "vpce-00a8935c6206dbb0c-u15arovo-us-east-1a.api.ecr.us-east-1.vpce.amazonaws.com",
                "hosted_zone_id": "Z7HUB22UULQXV"
              },
              {
                "dns_name": "api.ecr.us-east-1.amazonaws.com",
                "hosted_zone_id": "Z0800882Y5E8IAQE4095"
              },
              {
                "dns_name": "ecr.us-east-1.api.aws",
                "hosted_zone_id": "Z00153113AJKQVEWDLS9E"
              }
            ],
            "dns_options": [
              {
                "dns_record_ip_type": "ipv4"
              }
            ],
            "id": "vpce-00a8935c6206dbb0c",
            "ip_address_type": "ipv4",
            "network_interface_ids": [
              "eni-0729cc971090702b5",
              "eni-07744fec08b58ad2d"
            ],
            "owner_id": "988182270763",
            "policy": "{\"Statement\":[{\"Action\":\"*\",\"Effect\":\"Allow\",\"Principal\":\"*\",\"Resource\":\"*\"}]}",
            "prefix_list_id": null,
            "private_dns_enabled": true,
            "requester_managed": false,
            "route_table_ids": [],
            "security_group_ids": [
              "sg-094b8aa2b4612e3ea"
            ],
            "service_name": "com.amazonaws.us-east-1.ecr.api",
            "state": "available",
            "subnet_ids": [
              "subnet-0f59a420c97b3ae11",
              "subnet-0f8ebae5db3c66cda"
            ],
            "tags": {
              "Name": "mlops-demo-ecr-api-endpoint"
            },
            "tags_all": {
              "Name": "mlops-demo-ecr-api-endpoint"
            },
            "timeouts": null,
            "vpc_endpoint_type": "Interface",
            "vpc_id": "vpc-05b8a312cdfe988fd"
          },
          "sensitive_attributes": [],
          "private": "eyJlMmJmYjczMC1lY2FhLTExZTYtOGY4OC0zNDM2M2JjN2M0YzAiOnsiY3JlYXRlIjo2MDAwMDAwMDAwMDAsImRlbGV0ZSI6NjAwMDAwMDAwMDAwLCJ1cGRhdGUiOjYwMDAwMDAwMDAwMH19",
          "dependencies": [
            "module.network.aws_security_group.vpc_endpoint",
            "module.network.aws_subnet.private",
            "module.network.aws_vpc.this",
            "module.network.data.aws_availability_zones.available",
            "module.network.data.aws_region.current"
          ],
          "create_before_destroy": true
        }
      ]
    },
    {
      "module": "module.network",
      "mode": "managed",
      "type": "aws_vpc_endpoint",
      "name": "ecr_dkr",
      "provider": "provider[\"registry.terraform.io/hashicorp/aws\"]",
      "instances": [
        {
          "schema_version": 0,
          "attributes": {
            "arn": "arn:aws:ec2:us-east-1:988182270763:vpc-endpoint/vpce-0a19e24b5afffc2c3",
            "auto_accept": null,
            "cidr_blocks": [],
            "dns_entry": [
              {
                "dns_name": "vpce-0a19e24b5afffc2c3-r1nc4kke.dkr.ecr.us-east-1.vpce.amazonaws.com",
                "hosted_zone_id": "Z7HUB22UULQXV"
              },
              {
                "dns_name": "vpce-0a19e24b5afffc2c3-r1nc4kke-us-east-1b.dkr.ecr.us-east-1.vpce.amazonaws.com",
                "hosted_zone_id": "Z7HUB22UULQXV"
              },
              {
                "dns_name": "vpce-0a19e24b5afffc2c3-r1nc4kke-us-east-1a.dkr.ecr.us-east-1.vpce.amazonaws.com",
                "hosted_zone_id": "Z7HUB22UULQXV"
              },
              {
                "dns_name": "dkr.ecr.us-east-1.amazonaws.com",
                "hosted_zone_id": "Z02138192WVSMNW05D470"
              },
              {
                "dns_name": "*.dkr.ecr.us-east-1.amazonaws.com",
                "hosted_zone_id": "Z02138192WVSMNW05D470"
              },
              {
                "dns_name": "dkr-ecr.us-east-1.on.aws",
                "hosted_zone_id": "Z07999791EK0H6WMCN93E"
              },
              {
                "dns_name": "*.dkr-ecr.us-east-1.on.aws",
                "hosted_zone_id": "Z07999791EK0H6WMCN93E"
              }
            ],
            "dns_options": [
              {
                "dns_record_ip_type": "ipv4"
              }
            ],
            "id": "vpce-0a19e24b5afffc2c3",
            "ip_address_type": "ipv4",
            "network_interface_ids": [
              "eni-05899bf815e4cfe84",
              "eni-08f4cf4d306558986"
            ],
            "owner_id": "988182270763",
            "policy": "{\"Statement\":[{\"Action\":\"*\",\"Effect\":\"Allow\",\"Principal\":\"*\",\"Resource\":\"*\"}]}",
            "prefix_list_id": null,
            "private_dns_enabled": true,
            "requester_managed": false,
            "route_table_ids": [],
            "security_group_ids": [
              "sg-094b8aa2b4612e3ea"
            ],
            "service_name": "com.amazonaws.us-east-1.ecr.dkr",
            "state": "available",
            "subnet_ids": [
              "subnet-0f59a420c97b3ae11",
              "subnet-0f8ebae5db3c66cda"
            ],
            "tags": {
              "Name": "mlops-demo-ecr-dkr-endpoint"
            },
            "tags_all": {
              "Name": "mlops-demo-ecr-dkr-endpoint"
            },
            "timeouts": null,
            "vpc_endpoint_type": "Interface",
            "vpc_id": "vpc-05b8a312cdfe988fd"
          },
          "sensitive_attributes": [],
          "private": "eyJlMmJmYjczMC1lY2FhLTExZTYtOGY4OC0zNDM2M2JjN2M0YzAiOnsiY3JlYXRlIjo2MDAwMDAwMDAwMDAsImRlbGV0ZSI6NjAwMDAwMDAwMDAwLCJ1cGRhdGUiOjYwMDAwMDAwMDAwMH19",
          "dependencies": [
            "module.network.aws_security_group.vpc_endpoint",
            "module.network.aws_subnet.private",
            "module.network.aws_vpc.this",
            "module.network.data.aws_availability_zones.available",
            "module.network.data.aws_region.current"
          ],
          "create_before_destroy": true
        }
      ]
    },
    {
      "module": "module.network",
      "mode": "managed",
      "type": "aws_vpc_endpoint",
      "name": "s3",
      "provider": "provider[\"registry.terraform.io/hashicorp/aws\"]",
      "instances": [
        {
          "schema_version": 0,
          "attributes": {
            "arn": "arn:aws:ec2:us-east-1:988182270763:vpc-endpoint/vpce-0c1e6925014f1aafc",
            "auto_accept": null,
            "cidr_blocks": [
              "16.15.176.0/20",
              "16.182.0.0/16",
              "18.34.0.0/19",
              "52.216.0.0/15",
              "54.231.0.0/16",
              "3.5.0.0/19",
              "18.34.232.0/21",
              "16.15.192.0/18"
            ],
            "dns_entry": [],
            "dns_options": [],
            "id": "vpce-0c1e6925014f1aafc",
            "ip_address_type": "",
            "network_interface_ids": [],
            "owner_id": "988182270763",
            "policy": "{\"Statement\":[{\"Action\":\"*\",\"Effect\":\"Allow\",\"Principal\":\"*\",\"Resource\":\"*\"}],\"Version\":\"2008-10-17\"}",
            "prefix_list_id": "pl-63a5400a",
            "private_dns_enabled": false,
            "requester_managed": false,
            "route_table_ids": [
              "rtb-039a18c692b0be693"
            ],
            "security_group_ids": [],
            "service_name": "com.amazonaws.us-east-1.s3",
            "state": "available",
            "subnet_ids": [],
            "tags": {
              "Name": "mlops-demo-s3-endpoint"
            },
            "tags_all": {
              "Name": "mlops-demo-s3-endpoint"
            },
            "timeouts": null,
            "vpc_endpoint_type": "Gateway",
            "vpc_id": "vpc-05b8a312cdfe988fd"
          },
          "sensitive_attributes": [],
          "private": "eyJlMmJmYjczMC1lY2FhLTExZTYtOGY4OC0zNDM2M2JjN2M0YzAiOnsiY3JlYXRlIjo2MDAwMDAwMDAwMDAsImRlbGV0ZSI6NjAwMDAwMDAwMDAwLCJ1cGRhdGUiOjYwMDAwMDAwMDAwMH19",
          "dependencies": [
            "module.network.aws_vpc.this",
            "module.network.data.aws_region.current"
          ],
          "create_before_destroy": true
        }
      ]
    },
    {
      "module": "module.network",
      "mode": "managed",
      "type": "aws_vpc_endpoint",
      "name": "sagemaker_api",
      "provider": "provider[\"registry.terraform.io/hashicorp/aws\"]",
      "instances": [
        {
          "schema_version": 0,
          "attributes": {
            "arn": "arn:aws:ec2:us-east-1:988182270763:vpc-endpoint/vpce-024ad6427073a9bf8",
            "auto_accept": null,
            "cidr_blocks": [],
            "dns_entry": [
              {
                "dns_name": "vpce-024ad6427073a9bf8-3xz7gvzq.api.sagemaker.us-east-1.vpce.amazonaws.com",
                "hosted_zone_id": "Z7HUB22UULQXV"
              },
              {
                "dns_name": "vpce-024ad6427073a9bf8-3xz7gvzq-us-east-1a.api.sagemaker.us-east-1.vpce.amazonaws.com",
                "hosted_zone_id": "Z7HUB22UULQXV"
              },
              {
                "dns_name": "vpce-024ad6427073a9bf8-3xz7gvzq-us-east-1b.api.sagemaker.us-east-1.vpce.amazonaws.com",
                "hosted_zone_id": "Z7HUB22UULQXV"
              },
              {
                "dns_name": "api.sagemaker.us-east-1.amazonaws.com",
                "hosted_zone_id": "Z02132522RH3S0X3JLSE8"
              }
            ],
            "dns_options": [
              {
                "dns_record_ip_type": "ipv4"
              }
            ],
            "id": "vpce-024ad6427073a9bf8",
            "ip_address_type": "ipv4",
            "network_interface_ids": [
              "eni-04c94864f5bcd8f3d",
              "eni-088f809906684808b"
            ],
            "owner_id": "988182270763",
            "policy": "{\"Statement\":[{\"Action\":\"*\",\"Effect\":\"Allow\",\"Principal\":\"*\",\"Resource\":\"*\"}]}",
            "prefix_list_id": null,
            "private_dns_enabled": true,
            "requester_managed": false,
            "route_table_ids": [],
            "security_group_ids": [
              "sg-094b8aa2b4612e3ea"
            ],
            "service_name": "com.amazonaws.us-east-1.sagemaker.api",
            "state": "available",
            "subnet_ids": [
              "subnet-0f59a420c97b3ae11",
              "subnet-0f8ebae5db3c66cda"
            ],
            "tags": {
              "Name": "mlops-demo-sagemaker-api-endpoint"
            },
            "tags_all": {
              "Name": "mlops-demo-sagemaker-api-endpoint"
            },
            "timeouts": null,
            "vpc_endpoint_type": "Interface",
            "vpc_id": "vpc-05b8a312cdfe988fd"
          },
          "sensitive_attributes": [],
          "private": "eyJlMmJmYjczMC1lY2FhLTExZTYtOGY4OC0zNDM2M2JjN2M0YzAiOnsiY3JlYXRlIjo2MDAwMDAwMDAwMDAsImRlbGV0ZSI6NjAwMDAwMDAwMDAwLCJ1cGRhdGUiOjYwMDAwMDAwMDAwMH19",
          "dependencies": [
            "module.network.aws_security_group.vpc_endpoint",
            "module.network.aws_subnet.private",
            "module.network.aws_vpc.this",
            "module.network.data.aws_availability_zones.available",
            "module.network.data.aws_region.current"
          ],
          "create_before_destroy": true
        }
      ]
    },
    {
      "module": "module.network",
      "mode": "managed",
      "type": "aws_vpc_endpoint",
      "name": "sagemaker_runtime",
      "provider": "provider[\"registry.terraform.io/hashicorp/aws\"]",
      "instances": [
        {
          "schema_version": 0,
          "attributes": {
            "arn": "arn:aws:ec2:us-east-1:988182270763:vpc-endpoint/vpce-07be764ab636c5775",
            "auto_accept": null,
            "cidr_blocks": [],
            "dns_entry": [
              {
                "dns_name": "vpce-07be764ab636c5775-1hgmeeqk.runtime.sagemaker.us-east-1.vpce.amazonaws.com",
                "hosted_zone_id": "Z7HUB22UULQXV"
              },
              {
                "dns_name": "vpce-07be764ab636c5775-1hgmeeqk-us-east-1b.runtime.sagemaker.us-east-1.vpce.amazonaws.com",
                "hosted_zone_id": "Z7HUB22UULQXV"
              },
              {
                "dns_name": "vpce-07be764ab636c5775-1hgmeeqk-us-east-1a.runtime.sagemaker.us-east-1.vpce.amazonaws.com",
                "hosted_zone_id": "Z7HUB22UULQXV"
              },
              {
                "dns_name": "runtime.sagemaker.us-east-1.amazonaws.com",
                "hosted_zone_id": "Z01515239UC3JRG1838W"
              }
            ],
            "dns_options": [
              {
                "dns_record_ip_type": "ipv4"
              }
            ],
            "id": "vpce-07be764ab636c5775",
            "ip_address_type": "ipv4",
            "network_interface_ids": [
              "eni-00b03360acd0035c2",
              "eni-065460cb5070d2208"
            ],
            "owner_id": "988182270763",
            "policy": "{\"Statement\":[{\"Action\":\"*\",\"Effect\":\"Allow\",\"Principal\":\"*\",\"Resource\":\"*\"}]}",
            "prefix_list_id": null,
            "private_dns_enabled": true,
            "requester_managed": false,
            "route_table_ids": [],
            "security_group_ids": [
              "sg-094b8aa2b4612e3ea"
            ],
            "service_name": "com.amazonaws.us-east-1.sagemaker.runtime",
            "state": "available",
            "subnet_ids": [
              "subnet-0f59a420c97b3ae11",
              "subnet-0f8ebae5db3c66cda"
            ],
            "tags": {
              "Name": "mlops-demo-sagemaker-runtime-endpoint"
            },
            "tags_all": {
              "Name": "mlops-demo-sagemaker-runtime-endpoint"
            },
            "timeouts": null,
            "vpc_endpoint_type": "Interface",
            "vpc_id": "vpc-05b8a312cdfe988fd"
          },
          "sensitive_attributes": [],
          "private": "eyJlMmJmYjczMC1lY2FhLTExZTYtOGY4OC0zNDM2M2JjN2M0YzAiOnsiY3JlYXRlIjo2MDAwMDAwMDAwMDAsImRlbGV0ZSI6NjAwMDAwMDAwMDAwLCJ1cGRhdGUiOjYwMDAwMDAwMDAwMH19",
          "dependencies": [
            "module.network.aws_security_group.vpc_endpoint",
            "module.network.aws_subnet.private",
            "module.network.aws_vpc.this",
            "module.network.data.aws_availability_zones.available",
            "module.network.data.aws_region.current"
          ],
          "create_before_destroy": true
        }
      ]
    },
    {
      "module": "module.s3_artifact",
      "mode": "managed",
      "type": "aws_s3_bucket",
      "name": "this",
      "provider": "provider[\"registry.terraform.io/hashicorp/aws\"]",
      "instances": [
        {
          "schema_version": 0,
          "attributes": {
            "acceleration_status": "",
            "acl": null,
            "arn": "arn:aws:s3:::mlops-demo-lambda-bucket",
            "bucket": "mlops-demo-lambda-bucket",
            "bucket_domain_name": "mlops-demo-lambda-bucket.s3.amazonaws.com",
            "bucket_prefix": "",
            "bucket_regional_domain_name": "mlops-demo-lambda-bucket.s3.amazonaws.com",
            "cors_rule": [],
            "force_destroy": true,
            "grant": [
              {
                "id": "a45822bcba719a989a8c734e18c30438f25814ae230a15e962be40186ff8f467",
                "permissions": [
                  "FULL_CONTROL"
                ],
                "type": "CanonicalUser",
                "uri": ""
              }
            ],
            "hosted_zone_id": "Z3AQBSTGFYJSTF",
            "id": "mlops-demo-lambda-bucket",
            "lifecycle_rule": [],
            "logging": [],
            "object_lock_configuration": [],
            "object_lock_enabled": false,
            "policy": "{\"Statement\":[{\"Action\":[\"s3:GetObject\",\"s3:ListBucket\",\"s3:GetBucketLocation\"],\"Effect\":\"Allow\",\"Principal\":{\"Service\":\"sagemaker.amazonaws.com\"},\"Resource\":[\"arn:aws:s3:::mlops-demo-lambda-bucket\",\"arn:aws:s3:::mlops-demo-lambda-bucket/*\"],\"Sid\":\"AllowSageMakerService\"},{\"Action\":[\"s3:GetObject\",\"s3:ListBucket\",\"s3:GetBucketLocation\"],\"Effect\":\"Allow\",\"Principal\":{\"Service\":\"lambda.amazonaws.com\"},\"Resource\":[\"arn:aws:s3:::mlops-demo-lambda-bucket\",\"arn:aws:s3:::mlops-demo-lambda-bucket/*\"],\"Sid\":\"AllowLambdaService\"}],\"Version\":\"2012-10-17\"}",
            "region": "us-east-1",
            "replication_configuration": [],
            "request_payer": "BucketOwner",
            "server_side_encryption_configuration": [
              {
                "rule": [
                  {
                    "apply_server_side_encryption_by_default": [
                      {
                        "kms_master_key_id": "",
                        "sse_algorithm": "AES256"
                      }
                    ],
                    "bucket_key_enabled": false
                  }
                ]
              }
            ],
            "tags": {},
            "tags_all": {},
            "timeouts": null,
            "versioning": [
              {
                "enabled": true,
                "mfa_delete": false
              }
            ],
            "website": [],
            "website_domain": null,
            "website_endpoint": null
          },
          "sensitive_attributes": [],
          "private": "eyJlMmJmYjczMC1lY2FhLTExZTYtOGY4OC0zNDM2M2JjN2M0YzAiOnsiY3JlYXRlIjoxMjAwMDAwMDAwMDAwLCJkZWxldGUiOjM2MDAwMDAwMDAwMDAsInJlYWQiOjEyMDAwMDAwMDAwMDAsInVwZGF0ZSI6MTIwMDAwMDAwMDAwMH19"
        }
      ]
    },
    {
      "module": "module.s3_artifact",
      "mode": "managed",
      "type": "aws_s3_bucket_policy",
      "name": "allow_sagemaker",
      "provider": "provider[\"registry.terraform.io/hashicorp/aws\"]",
      "instances": [
        {
          "schema_version": 0,
          "attributes": {
            "bucket": "mlops-demo-lambda-bucket",
            "id": "mlops-demo-lambda-bucket",
            "policy": "{\"Statement\":[{\"Action\":[\"s3:GetObject\",\"s3:ListBucket\",\"s3:GetBucketLocation\"],\"Effect\":\"Allow\",\"Principal\":{\"Service\":\"sagemaker.amazonaws.com\"},\"Resource\":[\"arn:aws:s3:::mlops-demo-lambda-bucket\",\"arn:aws:s3:::mlops-demo-lambda-bucket/*\"],\"Sid\":\"AllowSageMakerService\"},{\"Action\":[\"s3:GetObject\",\"s3:ListBucket\",\"s3:GetBucketLocation\"],\"Effect\":\"Allow\",\"Principal\":{\"Service\":\"lambda.amazonaws.com\"},\"Resource\":[\"arn:aws:s3:::mlops-demo-lambda-bucket\",\"arn:aws:s3:::mlops-demo-lambda-bucket/*\"],\"Sid\":\"AllowLambdaService\"}],\"Version\":\"2012-10-17\"}"
          },
          "sensitive_attributes": [],
          "private": "bnVsbA==",
          "dependencies": [
            "module.s3_artifact.aws_s3_bucket.this"
          ]
        }
      ]
    },
    {
      "module": "module.s3_artifact",
      "mode": "managed",
      "type": "aws_s3_bucket_public_access_block",
      "name": "this",
      "provider": "provider[\"registry.terraform.io/hashicorp/aws\"]",
      "instances": [
        {
          "schema_version": 0,
          "attributes": {
            "block_public_acls": true,
            "block_public_policy": true,
            "bucket": "mlops-demo-lambda-bucket",
            "id": "mlops-demo-lambda-bucket",
            "ignore_public_acls": true,
            "restrict_public_buckets": true
          },
          "sensitive_attributes": [],
          "private": "bnVsbA==",
          "dependencies": [
            "module.s3_artifact.aws_s3_bucket.this"
          ]
        }
      ]
    },
    {
      "module": "module.s3_artifact",
      "mode": "managed",
      "type": "aws_s3_bucket_server_side_encryption_configuration",
      "name": "this",
      "provider": "provider[\"registry.terraform.io/hashicorp/aws\"]",
      "instances": [
        {
          "schema_version": 0,
          "attributes": {
            "bucket": "mlops-demo-lambda-bucket",
            "expected_bucket_owner": "",
            "id": "mlops-demo-lambda-bucket",
            "rule": [
              {
                "apply_server_side_encryption_by_default": [
                  {
                    "kms_master_key_id": "",
                    "sse_algorithm": "AES256"
                  }
                ],
                "bucket_key_enabled": false
              }
            ]
          },
          "sensitive_attributes": [],
          "private": "bnVsbA==",
          "dependencies": [
            "module.s3_artifact.aws_s3_bucket.this"
          ]
        }
      ]
    },
    {
      "module": "module.s3_artifact",
      "mode": "managed",
      "type": "aws_s3_bucket_versioning",
      "name": "this",
      "provider": "provider[\"registry.terraform.io/hashicorp/aws\"]",
      "instances": [
        {
          "schema_version": 0,
          "attributes": {
            "bucket": "mlops-demo-lambda-bucket",
            "expected_bucket_owner": "",
            "id": "mlops-demo-lambda-bucket",
            "mfa": null,
            "versioning_configuration": [
              {
                "mfa_delete": "",
                "status": "Enabled"
              }
            ]
          },
          "sensitive_attributes": [],
          "private": "bnVsbA==",
          "dependencies": [
            "module.s3_artifact.aws_s3_bucket.this"
          ]
        }
      ]
    },
    {
      "module": "module.sagemaker",
      "mode": "managed",
      "type": "aws_cloudwatch_log_group",
      "name": "sagemaker",
      "provider": "provider[\"registry.terraform.io/hashicorp/aws\"]",
      "instances": [
        {
          "schema_version": 0,
          "attributes": {
            "arn": "arn:aws:logs:us-east-1:988182270763:log-group:/aws/sagemaker/Endpoints/mlops-demo-endpoint",
            "id": "/aws/sagemaker/Endpoints/mlops-demo-endpoint",
            "kms_key_id": "",
            "name": "/aws/sagemaker/Endpoints/mlops-demo-endpoint",
            "name_prefix": "",
            "retention_in_days": 3,
            "skip_destroy": false,
            "tags": {
              "Name": "mlops-demo-sagemaker-logs"
            },
            "tags_all": {
              "Name": "mlops-demo-sagemaker-logs"
            }
          },
          "sensitive_attributes": [],
          "private": "bnVsbA==",
          "dependencies": [
            "module.network.aws_security_group.default",
            "module.network.aws_security_group.vpc_endpoint",
            "module.network.aws_security_group_rule.allow_all_outbound",
            "module.network.aws_security_group_rule.internal_allow_all",
            "module.network.aws_security_group_rule.vpc_endpoint_all_outbound",
            "module.network.aws_security_group_rule.vpc_endpoint_https_inbound",
            "module.network.aws_subnet.private",
            "module.network.aws_vpc.this",
            "module.network.aws_vpc_endpoint.cloudwatch_logs",
            "module.network.aws_vpc_endpoint.cloudwatch_metrics",
            "module.network.aws_vpc_endpoint.ecr_api",
            "module.network.aws_vpc_endpoint.ecr_dkr",
            "module.network.aws_vpc_endpoint.s3",
            "module.network.aws_vpc_endpoint.sagemaker_api",
            "module.network.aws_vpc_endpoint.sagemaker_runtime",
            "module.network.data.aws_availability_zones.available",
            "module.network.data.aws_region.current"
          ],
          "create_before_destroy": true
        }
      ]
    },
    {
      "module": "module.sagemaker",
      "mode": "managed",
      "type": "aws_sagemaker_endpoint",
      "name": "endpoint",
      "provider": "provider[\"registry.terraform.io/hashicorp/aws\"]",
      "instances": [
        {
          "schema_version": 0,
          "attributes": {
            "arn": "arn:aws:sagemaker:us-east-1:988182270763:endpoint/mlops-demo-endpoint",
            "deployment_config": [],
            "endpoint_config_name": "mlops-demo-endpoint-config",
            "id": "mlops-demo-endpoint",
            "name": "mlops-demo-endpoint",
            "tags": {
              "Name": "mlops-demo-endpoint"
            },
            "tags_all": {
              "Name": "mlops-demo-endpoint"
            }
          },
          "sensitive_attributes": [],
          "private": "bnVsbA==",
          "dependencies": [
            "module.iam.aws_iam_role.sagemaker",
            "module.network.aws_security_group.default",
            "module.network.aws_security_group.vpc_endpoint",
            "module.network.aws_security_group_rule.allow_all_outbound",
            "module.network.aws_security_group_rule.internal_allow_all",
            "module.network.aws_security_group_rule.vpc_endpoint_all_outbound",
            "module.network.aws_security_group_rule.vpc_endpoint_https_inbound",
            "module.network.aws_subnet.private",
            "module.network.aws_vpc.this",
            "module.network.aws_vpc_endpoint.cloudwatch_logs",
            "module.network.aws_vpc_endpoint.cloudwatch_metrics",
            "module.network.aws_vpc_endpoint.ecr_api",
            "module.network.aws_vpc_endpoint.ecr_dkr",
            "module.network.aws_vpc_endpoint.s3",
            "module.network.aws_vpc_endpoint.sagemaker_api",
            "module.network.aws_vpc_endpoint.sagemaker_runtime",
            "module.network.data.aws_availability_zones.available",
            "module.network.data.aws_region.current",
            "module.sagemaker.aws_sagemaker_endpoint_configuration.cfg",
            "module.sagemaker.aws_sagemaker_model.model"
          ]
        }
      ]
    },
    {
      "module": "module.sagemaker",
      "mode": "managed",
      "type": "aws_sagemaker_endpoint_configuration",
      "name": "cfg",
      "provider": "provider[\"registry.terraform.io/hashicorp/aws\"]",
      "instances": [
        {
          "schema_version": 0,
          "attributes": {
            "arn": "arn:aws:sagemaker:us-east-1:988182270763:endpoint-config/mlops-demo-endpoint-config",
            "async_inference_config": [],
            "data_capture_config": [],
            "id": "mlops-demo-endpoint-config",
            "kms_key_arn": "",
            "name": "mlops-demo-endpoint-config",
            "name_prefix": "",
            "production_variants": [
              {
                "accelerator_type": "",
                "container_startup_health_check_timeout_in_seconds": 0,
                "core_dump_config": [],
                "enable_ssm_access": false,
                "initial_instance_count": 1,
                "initial_variant_weight": 1,
                "instance_type": "ml.t2.medium",
                "model_data_download_timeout_in_seconds": 0,
                "model_name": "mlops-demo-model",
                "serverless_config": [],
                "variant_name": "AllTraffic",
                "volume_size_in_gb": 0
              }
            ],
            "shadow_production_variants": [],
            "tags": {
              "Name": "mlops-demo-endpoint-config"
            },
            "tags_all": {
              "Name": "mlops-demo-endpoint-config"
            }
          },
          "sensitive_attributes": [],
          "private": "bnVsbA==",
          "dependencies": [
            "module.iam.aws_iam_role.sagemaker",
            "module.network.aws_security_group.default",
            "module.network.aws_security_group.vpc_endpoint",
            "module.network.aws_security_group_rule.allow_all_outbound",
            "module.network.aws_security_group_rule.internal_allow_all",
            "module.network.aws_security_group_rule.vpc_endpoint_all_outbound",
            "module.network.aws_security_group_rule.vpc_endpoint_https_inbound",
            "module.network.aws_subnet.private",
            "module.network.aws_vpc.this",
            "module.network.aws_vpc_endpoint.cloudwatch_logs",
            "module.network.aws_vpc_endpoint.cloudwatch_metrics",
            "module.network.aws_vpc_endpoint.ecr_api",
            "module.network.aws_vpc_endpoint.ecr_dkr",
            "module.network.aws_vpc_endpoint.s3",
            "module.network.aws_vpc_endpoint.sagemaker_api",
            "module.network.aws_vpc_endpoint.sagemaker_runtime",
            "module.network.data.aws_availability_zones.available",
            "module.network.data.aws_region.current",
            "module.sagemaker.aws_sagemaker_model.model"
          ]
        }
      ]
    },
    {
      "module": "module.sagemaker",
      "mode": "managed",
      "type": "aws_sagemaker_model",
      "name": "model",
      "provider": "provider[\"registry.terraform.io/hashicorp/aws\"]",
      "instances": [
        {
          "schema_version": 0,
          "attributes": {
            "arn": "arn:aws:sagemaker:us-east-1:988182270763:model/mlops-demo-model",
            "container": [],
            "enable_network_isolation": false,
            "execution_role_arn": "arn:aws:iam::988182270763:role/mlops-demo-sagemaker-role",
            "id": "mlops-demo-model",
            "inference_execution_config": [],
            "name": "mlops-demo-model",
            "primary_container": [
              {
                "container_hostname": "",
                "environment": {
                  "SAGEMAKER_PROGRAM": "inference.py",
                  "SAGEMAKER_REQUIREMENTS": "requirements.txt",
                  "SAGEMAKER_SUBMIT_DIRECTORY": "s3://mlops-demo-lambda-bucket/model/model.tar.gz"
                },
                "image": "683313688378.dkr.ecr.us-east-1.amazonaws.com/sagemaker-scikit-learn:1.2-1-cpu-py3",
                "image_config": [],
                "mode": "SingleModel",
                "model_data_url": "s3://mlops-demo-lambda-bucket/model/model.tar.gz"
              }
            ],
            "tags": {
              "Name": "mlops-demo-model"
            },
            "tags_all": {
              "Name": "mlops-demo-model"
            },
            "vpc_config": []
          },
          "sensitive_attributes": [],
          "private": "bnVsbA==",
          "dependencies": [
            "module.iam.aws_iam_role.sagemaker",
            "module.network.aws_security_group.default",
            "module.network.aws_security_group.vpc_endpoint",
            "module.network.aws_security_group_rule.allow_all_outbound",
            "module.network.aws_security_group_rule.internal_allow_all",
            "module.network.aws_security_group_rule.vpc_endpoint_all_outbound",
            "module.network.aws_security_group_rule.vpc_endpoint_https_inbound",
            "module.network.aws_subnet.private",
            "module.network.aws_vpc.this",
            "module.network.aws_vpc_endpoint.cloudwatch_logs",
            "module.network.aws_vpc_endpoint.cloudwatch_metrics",
            "module.network.aws_vpc_endpoint.ecr_api",
            "module.network.aws_vpc_endpoint.ecr_dkr",
            "module.network.aws_vpc_endpoint.s3",
            "module.network.aws_vpc_endpoint.sagemaker_api",
            "module.network.aws_vpc_endpoint.sagemaker_runtime",
            "module.network.data.aws_availability_zones.available",
            "module.network.data.aws_region.current"
          ]
        }
      ]
    }
  ],
  "check_results": [
    {
      "object_kind": "var",
      "config_addr": "var.lambda_memory",
      "status": "pass",
      "objects": [
        {
          "object_addr": "var.lambda_memory",
          "status": "pass"
        }
      ]
    },
    {
      "object_kind": "var",
      "config_addr": "var.lambda_timeout",
      "status": "pass",
      "objects": [
        {
          "object_addr": "var.lambda_timeout",
          "status": "pass"
        }
      ]
    },
    {
      "object_kind": "var",
      "config_addr": "var.instance_count",
      "status": "pass",
      "objects": [
        {
          "object_addr": "var.instance_count",
          "status": "pass"
        }
      ]
    }
  ]
}
